
Microsoft Visual Studio Solution File, Format Version 12.00
# Visual Studio Version 17
VisualStudioVersion = 17.3.32929.385
MinimumVisualStudioVersion = 10.0.40219.1
Project("{9A19103F-16F7-4668-BE54-9A1E7A4F7556}") = "KalininA2", "KalininA2\KalininA2.csproj", "{DFA2501C-688B-4779-886A-3E4AA2A5991B}"
EndProject
Project("{9A19103F-16F7-4668-BE54-9A1E7A4F7556}") = "Contracts", "Contracts\Contracts.csproj", "{118F872D-1050-4F0E-B268-DBD5A199633E}"
EndProject
Project("{9A19103F-16F7-4668-BE54-9A1E7A4F7556}") = "LoggerService", "LoggerService\LoggerService.csproj", "{42734843-0667-4968-9254-6F309A8E4145}"
EndProject
Project("{9A19103F-16F7-4668-BE54-9A1E7A4F7556}") = "Entities", "Entities\Entities.csproj", "{C880E926-F39B-4E03-982F-0E941CD90288}"
EndProject
Project("{FAE04EC0-301F-11D3-BF4B-00C04F79EFBC}") = "Repository", "Repository\Repository.csproj", "{D1EC3120-9AF8-4C44-B766-2D9D5EB3BF2A}"
EndProject
Global
	GlobalSection(SolutionConfigurationPlatforms) = preSolution
		Debug|Any CPU = Debug|Any CPU
		Release|Any CPU = Release|Any CPU
	EndGlobalSection
	GlobalSection(ProjectConfigurationPlatforms) = postSolution
		{DFA2501C-688B-4779-886A-3E4AA2A5991B}.Debug|Any CPU.ActiveCfg = Debug|Any CPU
		{DFA2501C-688B-4779-886A-3E4AA2A5991B}.Debug|Any CPU.Build.0 = Debug|Any CPU
		{DFA2501C-688B-4779-886A-3E4AA2A5991B}.Release|Any CPU.ActiveCfg = Release|Any CPU
		{DFA2501C-688B-4779-886A-3E4AA2A5991B}.Release|Any CPU.Build.0 = Release|Any CPU
		{118F872D-1050-4F0E-B268-DBD5A199633E}.Debug|Any CPU.ActiveCfg = Debug|Any CPU
		{118F872D-1050-4F0E-B268-DBD5A199633E}.Debug|Any CPU.Build.0 = Debug|Any CPU
		{118F872D-1050-4F0E-B268-DBD5A199633E}.Release|Any CPU.ActiveCfg = Release|Any CPU
		{118F872D-1050-4F0E-B268-DBD5A199633E}.Release|Any CPU.Build.0 = Release|Any CPU
		{42734843-0667-4968-9254-6F309A8E4145}.Debug|Any CPU.ActiveCfg = Debug|Any CPU
		{42734843-0667-4968-9254-6F309A8E4145}.Debug|Any CPU.Build.0 = Debug|Any CPU
		{42734843-0667-4968-9254-6F309A8E4145}.Release|Any CPU.ActiveCfg = Release|Any CPU
		{42734843-0667-4968-9254-6F309A8E4145}.Release|Any CPU.Build.0 = Release|Any CPU
		{C880E926-F39B-4E03-982F-0E941CD90288}.Debug|Any CPU.ActiveCfg = Debug|Any CPU
		{C880E926-F39B-4E03-982F-0E941CD90288}.Debug|Any CPU.Build.0 = Debug|Any CPU
		{C880E926-F39B-4E03-982F-0E941CD90288}.Release|Any CPU.ActiveCfg = Release|Any CPU
		{C880E926-F39B-4E03-982F-0E941CD90288}.Release|Any CPU.Build.0 = Release|Any CPU
		{D1EC3120-9AF8-4C44-B766-2D9D5EB3BF2A}.Debug|Any CPU.ActiveCfg = Debug|Any CPU
		{D1EC3120-9AF8-4C44-B766-2D9D5EB3BF2A}.Debug|Any CPU.Build.0 = Debug|Any CPU
		{D1EC3120-9AF8-4C44-B766-2D9D5EB3BF2A}.Release|Any CPU.ActiveCfg = Release|Any CPU
		{D1EC3120-9AF8-4C44-B766-2D9D5EB3BF2A}.Release|Any CPU.Build.0 = Release|Any CPU
	EndGlobalSection
	GlobalSection(SolutionProperties) = preSolution
		HideSolutionNode = FALSE
	EndGlobalSection
	GlobalSection(ExtensibilityGlobals) = postSolution
		SolutionGuid = {FBFBE265-95FD-4FD7-8936-837616FD629D}
	EndGlobalSection
EndGlobal
