
Microsoft Visual Studio Solution File, Format Version 12.00
# Visual Studio Version 17
VisualStudioVersion = 17.3.32929.385
MinimumVisualStudioVersion = 10.0.40219.1
Project("{FAE04EC0-301F-11D3-BF4B-00C04F79EFBC}") = "KalininA2", "KalininA2\KalininA2.csproj", "{DFA2501C-688B-4779-886A-3E4AA2A5991B}"
EndProject
Project("{FAE04EC0-301F-11D3-BF4B-00C04F79EFBC}") = "Contracts", "Contracts\Contracts.csproj", "{118F872D-1050-4F0E-B268-DBD5A199633E}"
EndProject
Project("{FAE04EC0-301F-11D3-BF4B-00C04F79EFBC}") = "LoggerService", "LoggerService\LoggerService.csproj", "{42734843-0667-4968-9254-6F309A8E4145}"
EndProject
Global
	GlobalSection(SolutionConfigurationPlatforms) = preSolution
		Debug|Any CPU = Debug|Any CPU
		Release|Any CPU = Release|Any CPU
	EndGlobalSection
	GlobalSection(ProjectConfigurationPlatforms) = postSolution
		{DFA2501C-688B-4779-886A-3E4AA2A5991B}.Debug|Any CPU.ActiveCfg = Debug|Any CPU
		{DFA2501C-688B-4779-886A-3E4AA2A5991B}.Debug|Any CPU.Build.0 = Debug|Any CPU
		{DFA2501C-688B-4779-886A-3E4AA2A5991B}.Release|Any CPU.ActiveCfg = Release|Any CPU
		{DFA2501C-688B-4779-886A-3E4AA2A5991B}.Release|Any CPU.Build.0 = Release|Any CPU
		{118F872D-1050-4F0E-B268-DBD5A199633E}.Debug|Any CPU.ActiveCfg = Debug|Any CPU
		{118F872D-1050-4F0E-B268-DBD5A199633E}.Debug|Any CPU.Build.0 = Debug|Any CPU
		{118F872D-1050-4F0E-B268-DBD5A199633E}.Release|Any CPU.ActiveCfg = Release|Any CPU
		{118F872D-1050-4F0E-B268-DBD5A199633E}.Release|Any CPU.Build.0 = Release|Any CPU
		{42734843-0667-4968-9254-6F309A8E4145}.Debug|Any CPU.ActiveCfg = Debug|Any CPU
		{42734843-0667-4968-9254-6F309A8E4145}.Debug|Any CPU.Build.0 = Debug|Any CPU
		{42734843-0667-4968-9254-6F309A8E4145}.Release|Any CPU.ActiveCfg = Release|Any CPU
		{42734843-0667-4968-9254-6F309A8E4145}.Release|Any CPU.Build.0 = Release|Any CPU
	EndGlobalSection
	GlobalSection(SolutionProperties) = preSolution
		HideSolutionNode = FALSE
	EndGlobalSection
	GlobalSection(ExtensibilityGlobals) = postSolution
		SolutionGuid = {FBFBE265-95FD-4FD7-8936-837616FD629D}
	EndGlobalSection
EndGlobal
